
Microsoft Visual Studio Solution File, Format Version 12.00
# Visual Studio Version 16
VisualStudioVersion = 16.0.29905.134
MinimumVisualStudioVersion = 10.0.40219.1
Project("{FAE04EC0-301F-11D3-BF4B-00C04F79EFBC}") = "RobotVDinosaur", "RobotVDinosaur\RobotVDinosaur.csproj", "{B897D5E0-861E-4642-B8EB-704FF145FA86}"
EndProject
Global
	GlobalSection(SolutionConfigurationPlatforms) = preSolution
		Debug|Any CPU = Debug|Any CPU
		Release|Any CPU = Release|Any CPU
	EndGlobalSection
	GlobalSection(ProjectConfigurationPlatforms) = postSolution
		{B897D5E0-861E-4642-B8EB-704FF145FA86}.Debug|Any CPU.ActiveCfg = Debug|Any CPU
		{B897D5E0-861E-4642-B8EB-704FF145FA86}.Debug|Any CPU.Build.0 = Debug|Any CPU
		{B897D5E0-861E-4642-B8EB-704FF145FA86}.Release|Any CPU.ActiveCfg = Release|Any CPU
		{B897D5E0-861E-4642-B8EB-704FF145FA86}.Release|Any CPU.Build.0 = Release|Any CPU
	EndGlobalSection
	GlobalSection(SolutionProperties) = preSolution
		HideSolutionNode = FALSE
	EndGlobalSection
	GlobalSection(ExtensibilityGlobals) = postSolution
		SolutionGuid = {3A193B07-5ED1-4C14-9E36-0C0AB7ABF322}
	EndGlobalSection
EndGlobal
